// !$*UTF8*$!
{
	archiveVersion = 1;
	classes = {
	};
	objectVersion = 55;
	objects = {

/* Begin PBXBuildFile section */
		F85903DC283F27B800815703 /* LoadingView.swift in Sources */ = {isa = PBXBuildFile; fileRef = F85903DB283F27B800815703 /* LoadingView.swift */; };
		F8C3310328434B0D00B1191F /* WeatherView.swift in Sources */ = {isa = PBXBuildFile; fileRef = F8C3310228434B0D00B1191F /* WeatherView.swift */; };
		F8C331052843614900B1191F /* weatherData.json in Resources */ = {isa = PBXBuildFile; fileRef = F8C331042843614900B1191F /* weatherData.json */; };
		F8C331072843641F00B1191F /* ModelData.swift in Sources */ = {isa = PBXBuildFile; fileRef = F8C331062843641F00B1191F /* ModelData.swift */; };
		F8C33109284365BF00B1191F /* Extensions.swift in Sources */ = {isa = PBXBuildFile; fileRef = F8C33108284365BF00B1191F /* Extensions.swift */; };
		F8C3310C2843727B00B1191F /* WeatherRow.swift in Sources */ = {isa = PBXBuildFile; fileRef = F8C3310B2843727B00B1191F /* WeatherRow.swift */; };
		F8D2D62E283B0D31006E2545 /* WeatherApp.swift in Sources */ = {isa = PBXBuildFile; fileRef = F8D2D62D283B0D31006E2545 /* WeatherApp.swift */; };
		F8D2D630283B0D31006E2545 /* ContentView.swift in Sources */ = {isa = PBXBuildFile; fileRef = F8D2D62F283B0D31006E2545 /* ContentView.swift */; };
		F8D2D632283B0D34006E2545 /* Assets.xcassets in Resources */ = {isa = PBXBuildFile; fileRef = F8D2D631283B0D34006E2545 /* Assets.xcassets */; };
		F8D2D635283B0D34006E2545 /* Preview Assets.xcassets in Resources */ = {isa = PBXBuildFile; fileRef = F8D2D634283B0D34006E2545 /* Preview Assets.xcassets */; };
		F8D2D63E283B10D8006E2545 /* LocationManager.swift in Sources */ = {isa = PBXBuildFile; fileRef = F8D2D63D283B10D8006E2545 /* LocationManager.swift */; };
		F8D2D640283B180A006E2545 /* WelcomeView.swift in Sources */ = {isa = PBXBuildFile; fileRef = F8D2D63F283B180A006E2545 /* WelcomeView.swift */; };
		F8EA324C283F2AF300EB25B8 /* WeatherManager.swift in Sources */ = {isa = PBXBuildFile; fileRef = F8EA324B283F2AF300EB25B8 /* WeatherManager.swift */; };
/* End PBXBuildFile section */

/* Begin PBXFileReference section */
		F85903DB283F27B800815703 /* LoadingView.swift */ = {isa = PBXFileReference; lastKnownFileType = sourcecode.swift; path = LoadingView.swift; sourceTree = "<group>"; };
		F8C3310228434B0D00B1191F /* WeatherView.swift */ = {isa = PBXFileReference; lastKnownFileType = sourcecode.swift; path = WeatherView.swift; sourceTree = "<group>"; };
		F8C331042843614900B1191F /* weatherData.json */ = {isa = PBXFileReference; lastKnownFileType = text.json; path = weatherData.json; sourceTree = "<group>"; };
		F8C331062843641F00B1191F /* ModelData.swift */ = {isa = PBXFileReference; lastKnownFileType = sourcecode.swift; path = ModelData.swift; sourceTree = "<group>"; };
		F8C33108284365BF00B1191F /* Extensions.swift */ = {isa = PBXFileReference; lastKnownFileType = sourcecode.swift; path = Extensions.swift; sourceTree = "<group>"; };
		F8C3310B2843727B00B1191F /* WeatherRow.swift */ = {isa = PBXFileReference; lastKnownFileType = sourcecode.swift; path = WeatherRow.swift; sourceTree = "<group>"; };
		F8D2D62A283B0D31006E2545 /* Weather.app */ = {isa = PBXFileReference; explicitFileType = wrapper.application; includeInIndex = 0; path = Weather.app; sourceTree = BUILT_PRODUCTS_DIR; };
		F8D2D62D283B0D31006E2545 /* WeatherApp.swift */ = {isa = PBXFileReference; lastKnownFileType = sourcecode.swift; path = WeatherApp.swift; sourceTree = "<group>"; };
		F8D2D62F283B0D31006E2545 /* ContentView.swift */ = {isa = PBXFileReference; lastKnownFileType = sourcecode.swift; path = ContentView.swift; sourceTree = "<group>"; };
		F8D2D631283B0D34006E2545 /* Assets.xcassets */ = {isa = PBXFileReference; lastKnownFileType = folder.assetcatalog; path = Assets.xcassets; sourceTree = "<group>"; };
		F8D2D634283B0D34006E2545 /* Preview Assets.xcassets */ = {isa = PBXFileReference; lastKnownFileType = folder.assetcatalog; path = "Preview Assets.xcassets"; sourceTree = "<group>"; };
		F8D2D63D283B10D8006E2545 /* LocationManager.swift */ = {isa = PBXFileReference; lastKnownFileType = sourcecode.swift; path = LocationManager.swift; sourceTree = "<group>"; };
		F8D2D63F283B180A006E2545 /* WelcomeView.swift */ = {isa = PBXFileReference; lastKnownFileType = sourcecode.swift; path = WelcomeView.swift; sourceTree = "<group>"; };
		F8EA324B283F2AF300EB25B8 /* WeatherManager.swift */ = {isa = PBXFileReference; lastKnownFileType = sourcecode.swift; path = WeatherManager.swift; sourceTree = "<group>"; };
/* End PBXFileReference section */

/* Begin PBXFrameworksBuildPhase section */
		F8D2D627283B0D31006E2545 /* Frameworks */ = {
			isa = PBXFrameworksBuildPhase;
			buildActionMask = 2147483647;
			files = (
			);
			runOnlyForDeploymentPostprocessing = 0;
		};
/* End PBXFrameworksBuildPhase section */

/* Begin PBXGroup section */
		F8C3310A284371E700B1191F /* Components */ = {
			isa = PBXGroup;
			children = (
				F8C3310B2843727B00B1191F /* WeatherRow.swift */,
			);
			path = Components;
			sourceTree = "<group>";
		};
		F8D2D621283B0D31006E2545 = {
			isa = PBXGroup;
			children = (
				F8D2D62C283B0D31006E2545 /* Weather */,
				F8D2D62B283B0D31006E2545 /* Products */,
			);
			sourceTree = "<group>";
		};
		F8D2D62B283B0D31006E2545 /* Products */ = {
			isa = PBXGroup;
			children = (
				F8D2D62A283B0D31006E2545 /* Weather.app */,
			);
			name = Products;
			sourceTree = "<group>";
		};
		F8D2D62C283B0D31006E2545 /* Weather */ = {
			isa = PBXGroup;
			children = (
				F8C3310A284371E700B1191F /* Components */,
				F8D2D63C283B10A4006E2545 /* Views */,
				F8D2D63B283B0F23006E2545 /* Managers */,
				F8D2D62D283B0D31006E2545 /* WeatherApp.swift */,
				F8D2D631283B0D34006E2545 /* Assets.xcassets */,
				F8D2D633283B0D34006E2545 /* Preview Content */,
				F8C33108284365BF00B1191F /* Extensions.swift */,
			);
			path = Weather;
			sourceTree = "<group>";
		};
		F8D2D633283B0D34006E2545 /* Preview Content */ = {
			isa = PBXGroup;
			children = (
				F8D2D634283B0D34006E2545 /* Preview Assets.xcassets */,
				F8C331042843614900B1191F /* weatherData.json */,
				F8C331062843641F00B1191F /* ModelData.swift */,
			);
			path = "Preview Content";
			sourceTree = "<group>";
		};
		F8D2D63B283B0F23006E2545 /* Managers */ = {
			isa = PBXGroup;
			children = (
				F8D2D63D283B10D8006E2545 /* LocationManager.swift */,
				F8EA324B283F2AF300EB25B8 /* WeatherManager.swift */,
			);
			path = Managers;
			sourceTree = "<group>";
		};
		F8D2D63C283B10A4006E2545 /* Views */ = {
			isa = PBXGroup;
			children = (
				F8D2D62F283B0D31006E2545 /* ContentView.swift */,
				F8D2D63F283B180A006E2545 /* WelcomeView.swift */,
				F85903DB283F27B800815703 /* LoadingView.swift */,
				F8C3310228434B0D00B1191F /* WeatherView.swift */,
			);
			path = Views;
			sourceTree = "<group>";
		};
/* End PBXGroup section */

/* Begin PBXNativeTarget section */
		F8D2D629283B0D31006E2545 /* Weather */ = {
			isa = PBXNativeTarget;
			buildConfigurationList = F8D2D638283B0D34006E2545 /* Build configuration list for PBXNativeTarget "Weather" */;
			buildPhases = (
				F8D2D626283B0D31006E2545 /* Sources */,
				F8D2D627283B0D31006E2545 /* Frameworks */,
				F8D2D628283B0D31006E2545 /* Resources */,
			);
			buildRules = (
			);
			dependencies = (
			);
			name = Weather;
			productName = Weather;
			productReference = F8D2D62A283B0D31006E2545 /* Weather.app */;
			productType = "com.apple.product-type.application";
		};
/* End PBXNativeTarget section */

/* Begin PBXProject section */
		F8D2D622283B0D31006E2545 /* Project object */ = {
			isa = PBXProject;
			attributes = {
				BuildIndependentTargetsInParallel = 1;
				LastSwiftUpdateCheck = 1330;
				LastUpgradeCheck = 1330;
				TargetAttributes = {
					F8D2D629283B0D31006E2545 = {
						CreatedOnToolsVersion = 13.3.1;
					};
				};
			};
			buildConfigurationList = F8D2D625283B0D31006E2545 /* Build configuration list for PBXProject "Weather" */;
			compatibilityVersion = "Xcode 13.0";
			developmentRegion = en;
			hasScannedForEncodings = 0;
			knownRegions = (
				en,
				Base,
			);
			mainGroup = F8D2D621283B0D31006E2545;
			productRefGroup = F8D2D62B283B0D31006E2545 /* Products */;
			projectDirPath = "";
			projectRoot = "";
			targets = (
				F8D2D629283B0D31006E2545 /* Weather */,
			);
		};
/* End PBXProject section */

/* Begin PBXResourcesBuildPhase section */
		F8D2D628283B0D31006E2545 /* Resources */ = {
			isa = PBXResourcesBuildPhase;
			buildActionMask = 2147483647;
			files = (
				F8D2D635283B0D34006E2545 /* Preview Assets.xcassets in Resources */,
				F8C331052843614900B1191F /* weatherData.json in Resources */,
				F8D2D632283B0D34006E2545 /* Assets.xcassets in Resources */,
			);
			runOnlyForDeploymentPostprocessing = 0;
		};
/* End PBXResourcesBuildPhase section */

/* Begin PBXSourcesBuildPhase section */
		F8D2D626283B0D31006E2545 /* Sources */ = {
			isa = PBXSourcesBuildPhase;
			buildActionMask = 2147483647;
			files = (
				F8EA324C283F2AF300EB25B8 /* WeatherManager.swift in Sources */,
				F8C33109284365BF00B1191F /* Extensions.swift in Sources */,
				F8D2D640283B180A006E2545 /* WelcomeView.swift in Sources */,
				F8D2D630283B0D31006E2545 /* ContentView.swift in Sources */,
				F85903DC283F27B800815703 /* LoadingView.swift in Sources */,
				F8C3310C2843727B00B1191F /* WeatherRow.swift in Sources */,
				F8D2D62E283B0D31006E2545 /* WeatherApp.swift in Sources */,
				F8C331072843641F00B1191F /* ModelData.swift in Sources */,
				F8C3310328434B0D00B1191F /* WeatherView.swift in Sources */,
				F8D2D63E283B10D8006E2545 /* LocationManager.swift in Sources */,
			);
			runOnlyForDeploymentPostprocessing = 0;
		};
/* End PBXSourcesBuildPhase section */

/* Begin XCBuildConfiguration section */
		F8D2D636283B0D34006E2545 /* Debug */ = {
			isa = XCBuildConfiguration;
			buildSettings = {
				ALWAYS_SEARCH_USER_PATHS = NO;
				CLANG_ANALYZER_NONNULL = YES;
				CLANG_ANALYZER_NUMBER_OBJECT_CONVERSION = YES_AGGRESSIVE;
				CLANG_CXX_LANGUAGE_STANDARD = "gnu++17";
				CLANG_ENABLE_MODULES = YES;
				CLANG_ENABLE_OBJC_ARC = YES;
				CLANG_ENABLE_OBJC_WEAK = YES;
				CLANG_WARN_BLOCK_CAPTURE_AUTORELEASING = YES;
				CLANG_WARN_BOOL_CONVERSION = YES;
				CLANG_WARN_COMMA = YES;
				CLANG_WARN_CONSTANT_CONVERSION = YES;
				CLANG_WARN_DEPRECATED_OBJC_IMPLEMENTATIONS = YES;
				CLANG_WARN_DIRECT_OBJC_ISA_USAGE = YES_ERROR;
				CLANG_WARN_DOCUMENTATION_COMMENTS = YES;
				CLANG_WARN_EMPTY_BODY = YES;
				CLANG_WARN_ENUM_CONVERSION = YES;
				CLANG_WARN_INFINITE_RECURSION = YES;
				CLANG_WARN_INT_CONVERSION = YES;
				CLANG_WARN_NON_LITERAL_NULL_CONVERSION = YES;
				CLANG_WARN_OBJC_IMPLICIT_RETAIN_SELF = YES;
				CLANG_WARN_OBJC_LITERAL_CONVERSION = YES;
				CLANG_WARN_OBJC_ROOT_CLASS = YES_ERROR;
				CLANG_WARN_QUOTED_INCLUDE_IN_FRAMEWORK_HEADER = YES;
				CLANG_WARN_RANGE_LOOP_ANALYSIS = YES;
				CLANG_WARN_STRICT_PROTOTYPES = YES;
				CLANG_WARN_SUSPICIOUS_MOVE = YES;
				CLANG_WARN_UNGUARDED_AVAILABILITY = YES_AGGRESSIVE;
				CLANG_WARN_UNREACHABLE_CODE = YES;
				CLANG_WARN__DUPLICATE_METHOD_MATCH = YES;
				COPY_PHASE_STRIP = NO;
				DEBUG_INFORMATION_FORMAT = dwarf;
				ENABLE_STRICT_OBJC_MSGSEND = YES;
				ENABLE_TESTABILITY = YES;
				GCC_C_LANGUAGE_STANDARD = gnu11;
				GCC_DYNAMIC_NO_PIC = NO;
				GCC_NO_COMMON_BLOCKS = YES;
				GCC_OPTIMIZATION_LEVEL = 0;
				GCC_PREPROCESSOR_DEFINITIONS = (
					"DEBUG=1",
					"$(inherited)",
				);
				GCC_WARN_64_TO_32_BIT_CONVERSION = YES;
				GCC_WARN_ABOUT_RETURN_TYPE = YES_ERROR;
				GCC_WARN_UNDECLARED_SELECTOR = YES;
				GCC_WARN_UNINITIALIZED_AUTOS = YES_AGGRESSIVE;
				GCC_WARN_UNUSED_FUNCTION = YES;
				GCC_WARN_UNUSED_VARIABLE = YES;
				IPHONEOS_DEPLOYMENT_TARGET = 15.4;
				MTL_ENABLE_DEBUG_INFO = INCLUDE_SOURCE;
				MTL_FAST_MATH = YES;
				ONLY_ACTIVE_ARCH = YES;
				SDKROOT = iphoneos;
				SWIFT_ACTIVE_COMPILATION_CONDITIONS = DEBUG;
				SWIFT_OPTIMIZATION_LEVEL = "-Onone";
			};
			name = Debug;
		};
		F8D2D637283B0D34006E2545 /* Release */ = {
			isa = XCBuildConfiguration;
			buildSettings = {
				ALWAYS_SEARCH_USER_PATHS = NO;
				CLANG_ANALYZER_NONNULL = YES;
				CLANG_ANALYZER_NUMBER_OBJECT_CONVERSION = YES_AGGRESSIVE;
				CLANG_CXX_LANGUAGE_STANDARD = "gnu++17";
				CLANG_ENABLE_MODULES = YES;
				CLANG_ENABLE_OBJC_ARC = YES;
				CLANG_ENABLE_OBJC_WEAK = YES;
				CLANG_WARN_BLOCK_CAPTURE_AUTORELEASING = YES;
				CLANG_WARN_BOOL_CONVERSION = YES;
				CLANG_WARN_COMMA = YES;
				CLANG_WARN_CONSTANT_CONVERSION = YES;
				CLANG_WARN_DEPRECATED_OBJC_IMPLEMENTATIONS = YES;
				CLANG_WARN_DIRECT_OBJC_ISA_USAGE = YES_ERROR;
				CLANG_WARN_DOCUMENTATION_COMMENTS = YES;
				CLANG_WARN_EMPTY_BODY = YES;
				CLANG_WARN_ENUM_CONVERSION = YES;
				CLANG_WARN_INFINITE_RECURSION = YES;
				CLANG_WARN_INT_CONVERSION = YES;
				CLANG_WARN_NON_LITERAL_NULL_CONVERSION = YES;
				CLANG_WARN_OBJC_IMPLICIT_RETAIN_SELF = YES;
				CLANG_WARN_OBJC_LITERAL_CONVERSION = YES;
				CLANG_WARN_OBJC_ROOT_CLASS = YES_ERROR;
				CLANG_WARN_QUOTED_INCLUDE_IN_FRAMEWORK_HEADER = YES;
				CLANG_WARN_RANGE_LOOP_ANALYSIS = YES;
				CLANG_WARN_STRICT_PROTOTYPES = YES;
				CLANG_WARN_SUSPICIOUS_MOVE = YES;
				CLANG_WARN_UNGUARDED_AVAILABILITY = YES_AGGRESSIVE;
				CLANG_WARN_UNREACHABLE_CODE = YES;
				CLANG_WARN__DUPLICATE_METHOD_MATCH = YES;
				COPY_PHASE_STRIP = NO;
				DEBUG_INFORMATION_FORMAT = "dwarf-with-dsym";
				ENABLE_NS_ASSERTIONS = NO;
				ENABLE_STRICT_OBJC_MSGSEND = YES;
				GCC_C_LANGUAGE_STANDARD = gnu11;
				GCC_NO_COMMON_BLOCKS = YES;
				GCC_WARN_64_TO_32_BIT_CONVERSION = YES;
				GCC_WARN_ABOUT_RETURN_TYPE = YES_ERROR;
				GCC_WARN_UNDECLARED_SELECTOR = YES;
				GCC_WARN_UNINITIALIZED_AUTOS = YES_AGGRESSIVE;
				GCC_WARN_UNUSED_FUNCTION = YES;
				GCC_WARN_UNUSED_VARIABLE = YES;
				IPHONEOS_DEPLOYMENT_TARGET = 15.4;
				MTL_ENABLE_DEBUG_INFO = NO;
				MTL_FAST_MATH = YES;
				SDKROOT = iphoneos;
				SWIFT_COMPILATION_MODE = wholemodule;
				SWIFT_OPTIMIZATION_LEVEL = "-O";
				VALIDATE_PRODUCT = YES;
			};
			name = Release;
		};
		F8D2D639283B0D34006E2545 /* Debug */ = {
			isa = XCBuildConfiguration;
			buildSettings = {
				ASSETCATALOG_COMPILER_APPICON_NAME = AppIcon;
				ASSETCATALOG_COMPILER_GLOBAL_ACCENT_COLOR_NAME = AccentColor;
				CODE_SIGN_STYLE = Automatic;
				CURRENT_PROJECT_VERSION = 1;
				DEVELOPMENT_ASSET_PATHS = "\"Weather/Preview Content\"";
				DEVELOPMENT_TEAM = F56N382DAB;
				ENABLE_PREVIEWS = YES;
				GENERATE_INFOPLIST_FILE = YES;
				INFOPLIST_KEY_UIApplicationSceneManifest_Generation = YES;
				INFOPLIST_KEY_UIApplicationSupportsIndirectInputEvents = YES;
				INFOPLIST_KEY_UILaunchScreen_Generation = YES;
				INFOPLIST_KEY_UISupportedInterfaceOrientations_iPad = "UIInterfaceOrientationPortrait UIInterfaceOrientationPortraitUpsideDown UIInterfaceOrientationLandscapeLeft UIInterfaceOrientationLandscapeRight";
				INFOPLIST_KEY_UISupportedInterfaceOrientations_iPhone = "UIInterfaceOrientationPortrait UIInterfaceOrientationLandscapeLeft UIInterfaceOrientationLandscapeRight";
				LD_RUNPATH_SEARCH_PATHS = (
					"$(inherited)",
					"@executable_path/Frameworks",
				);
				MARKETING_VERSION = 1.0;
				PRODUCT_BUNDLE_IDENTIFIER = Parham.Weather;
				PRODUCT_NAME = "$(TARGET_NAME)";
				SWIFT_EMIT_LOC_STRINGS = YES;
				SWIFT_VERSION = 5.0;
				TARGETED_DEVICE_FAMILY = "1,2";
			};
			name = Debug;
		};
		F8D2D63A283B0D34006E2545 /* Release */ = {
			isa = XCBuildConfiguration;
			buildSettings = {
				ASSETCATALOG_COMPILER_APPICON_NAME = AppIcon;
				ASSETCATALOG_COMPILER_GLOBAL_ACCENT_COLOR_NAME = AccentColor;
				CODE_SIGN_STYLE = Automatic;
				CURRENT_PROJECT_VERSION = 1;
				DEVELOPMENT_ASSET_PATHS = "\"Weather/Preview Content\"";
				DEVELOPMENT_TEAM = F56N382DAB;
				ENABLE_PREVIEWS = YES;
				GENERATE_INFOPLIST_FILE = YES;
				INFOPLIST_KEY_UIApplicationSceneManifest_Generation = YES;
				INFOPLIST_KEY_UIApplicationSupportsIndirectInputEvents = YES;
				INFOPLIST_KEY_UILaunchScreen_Generation = YES;
				INFOPLIST_KEY_UISupportedInterfaceOrientations_iPad = "UIInterfaceOrientationPortrait UIInterfaceOrientationPortraitUpsideDown UIInterfaceOrientationLandscapeLeft UIInterfaceOrientationLandscapeRight";
				INFOPLIST_KEY_UISupportedInterfaceOrientations_iPhone = "UIInterfaceOrientationPortrait UIInterfaceOrientationLandscapeLeft UIInterfaceOrientationLandscapeRight";
				LD_RUNPATH_SEARCH_PATHS = (
					"$(inherited)",
					"@executable_path/Frameworks",
				);
				MARKETING_VERSION = 1.0;
				PRODUCT_BUNDLE_IDENTIFIER = Parham.Weather;
				PRODUCT_NAME = "$(TARGET_NAME)";
				SWIFT_EMIT_LOC_STRINGS = YES;
				SWIFT_VERSION = 5.0;
				TARGETED_DEVICE_FAMILY = "1,2";
			};
			name = Release;
		};
/* End XCBuildConfiguration section */

/* Begin XCConfigurationList section */
		F8D2D625283B0D31006E2545 /* Build configuration list for PBXProject "Weather" */ = {
			isa = XCConfigurationList;
			buildConfigurations = (
				F8D2D636283B0D34006E2545 /* Debug */,
				F8D2D637283B0D34006E2545 /* Release */,
			);
			defaultConfigurationIsVisible = 0;
			defaultConfigurationName = Release;
		};
		F8D2D638283B0D34006E2545 /* Build configuration list for PBXNativeTarget "Weather" */ = {
			isa = XCConfigurationList;
			buildConfigurations = (
				F8D2D639283B0D34006E2545 /* Debug */,
				F8D2D63A283B0D34006E2545 /* Release */,
			);
			defaultConfigurationIsVisible = 0;
			defaultConfigurationName = Release;
		};
/* End XCConfigurationList section */
	};
	rootObject = F8D2D622283B0D31006E2545 /* Project object */;
}
